
Microsoft Visual Studio Solution File, Format Version 12.00
# Visual Studio Version 17
VisualStudioVersion = 17.1.32210.238
MinimumVisualStudioVersion = 10.0.40219.1
Project("{FAE04EC0-301F-11D3-BF4B-00C04F79EFBC}") = "PruebitaPDF", "PruebitaPDF.csproj", "{B470BA81-2A3D-4B44-8784-17220A1F04DF}"
EndProject
Global
	GlobalSection(SolutionConfigurationPlatforms) = preSolution
		Debug|Any CPU = Debug|Any CPU
		Release|Any CPU = Release|Any CPU
	EndGlobalSection
	GlobalSection(ProjectConfigurationPlatforms) = postSolution
		{B470BA81-2A3D-4B44-8784-17220A1F04DF}.Debug|Any CPU.ActiveCfg = Debug|Any CPU
		{B470BA81-2A3D-4B44-8784-17220A1F04DF}.Debug|Any CPU.Build.0 = Debug|Any CPU
		{B470BA81-2A3D-4B44-8784-17220A1F04DF}.Release|Any CPU.ActiveCfg = Release|Any CPU
		{B470BA81-2A3D-4B44-8784-17220A1F04DF}.Release|Any CPU.Build.0 = Release|Any CPU
	EndGlobalSection
	GlobalSection(SolutionProperties) = preSolution
		HideSolutionNode = FALSE
	EndGlobalSection
	GlobalSection(ExtensibilityGlobals) = postSolution
		SolutionGuid = {8540836D-1EA2-479D-A77D-E270A578C8AA}
	EndGlobalSection
EndGlobal
